
Microsoft Visual Studio Solution File, Format Version 12.00
# Visual Studio Version 16
VisualStudioVersion = 25.0.1706.8
MinimumVisualStudioVersion = 10.0.40219.1
Project("{FAE04EC0-301F-11D3-BF4B-00C04F79EFBC}") = "Calculator.Android", "Calculator\Calculator.Android\Calculator.Android.csproj", "{57618721-DD15-4901-AD7F-024FA6C9278A}"
EndProject
Project("{FAE04EC0-301F-11D3-BF4B-00C04F79EFBC}") = "Calculator.iOS", "Calculator\Calculator.iOS\Calculator.iOS.csproj", "{95CFE8AA-50FC-43F5-A60A-2FC10B8C0682}"
EndProject
Project("{FAE04EC0-301F-11D3-BF4B-00C04F79EFBC}") = "Calculator", "Calculator\Calculator\Calculator.csproj", "{C16DA005-6924-4AEE-A0EA-765327AF5647}"
EndProject
Project("{2150E333-8FDC-42A3-9474-1A3956D46DE8}") = "Solution Items", "Solution Items", "{961FCFC2-B035-4712-861B-52DCF1E7B272}"
EndProject
Project("{FAE04EC0-301F-11D3-BF4B-00C04F79EFBC}") = "Tests", "Tests\Tests.csproj", "{3FC42DA4-D486-4FCB-B05B-83E90BC8C454}"
EndProject
Global
	GlobalSection(SolutionConfigurationPlatforms) = preSolution
		Debug|Any CPU = Debug|Any CPU
		Release|Any CPU = Release|Any CPU
		Debug|iPhoneSimulator = Debug|iPhoneSimulator
		Release|iPhoneSimulator = Release|iPhoneSimulator
		Debug|iPhone = Debug|iPhone
		Release|iPhone = Release|iPhone
	EndGlobalSection
	GlobalSection(ProjectConfigurationPlatforms) = postSolution
		{57618721-DD15-4901-AD7F-024FA6C9278A}.Debug|Any CPU.ActiveCfg = Debug|Any CPU
		{57618721-DD15-4901-AD7F-024FA6C9278A}.Debug|Any CPU.Build.0 = Debug|Any CPU
		{57618721-DD15-4901-AD7F-024FA6C9278A}.Release|Any CPU.ActiveCfg = Release|Any CPU
		{57618721-DD15-4901-AD7F-024FA6C9278A}.Release|Any CPU.Build.0 = Release|Any CPU
		{57618721-DD15-4901-AD7F-024FA6C9278A}.Debug|iPhoneSimulator.ActiveCfg = Debug|Any CPU
		{57618721-DD15-4901-AD7F-024FA6C9278A}.Debug|iPhoneSimulator.Build.0 = Debug|Any CPU
		{57618721-DD15-4901-AD7F-024FA6C9278A}.Release|iPhoneSimulator.ActiveCfg = Release|Any CPU
		{57618721-DD15-4901-AD7F-024FA6C9278A}.Release|iPhoneSimulator.Build.0 = Release|Any CPU
		{57618721-DD15-4901-AD7F-024FA6C9278A}.Debug|iPhone.ActiveCfg = Debug|Any CPU
		{57618721-DD15-4901-AD7F-024FA6C9278A}.Debug|iPhone.Build.0 = Debug|Any CPU
		{57618721-DD15-4901-AD7F-024FA6C9278A}.Release|iPhone.ActiveCfg = Release|Any CPU
		{57618721-DD15-4901-AD7F-024FA6C9278A}.Release|iPhone.Build.0 = Release|Any CPU
		{95CFE8AA-50FC-43F5-A60A-2FC10B8C0682}.Debug|Any CPU.ActiveCfg = Debug|iPhoneSimulator
		{95CFE8AA-50FC-43F5-A60A-2FC10B8C0682}.Debug|Any CPU.Build.0 = Debug|iPhoneSimulator
		{95CFE8AA-50FC-43F5-A60A-2FC10B8C0682}.Release|Any CPU.ActiveCfg = Release|iPhoneSimulator
		{95CFE8AA-50FC-43F5-A60A-2FC10B8C0682}.Release|Any CPU.Build.0 = Release|iPhoneSimulator
		{95CFE8AA-50FC-43F5-A60A-2FC10B8C0682}.Debug|iPhoneSimulator.ActiveCfg = Debug|iPhoneSimulator
		{95CFE8AA-50FC-43F5-A60A-2FC10B8C0682}.Debug|iPhoneSimulator.Build.0 = Debug|iPhoneSimulator
		{95CFE8AA-50FC-43F5-A60A-2FC10B8C0682}.Release|iPhoneSimulator.ActiveCfg = Release|iPhoneSimulator
		{95CFE8AA-50FC-43F5-A60A-2FC10B8C0682}.Release|iPhoneSimulator.Build.0 = Release|iPhoneSimulator
		{95CFE8AA-50FC-43F5-A60A-2FC10B8C0682}.Debug|iPhone.ActiveCfg = Debug|iPhone
		{95CFE8AA-50FC-43F5-A60A-2FC10B8C0682}.Debug|iPhone.Build.0 = Debug|iPhone
		{95CFE8AA-50FC-43F5-A60A-2FC10B8C0682}.Release|iPhone.ActiveCfg = Release|iPhone
		{95CFE8AA-50FC-43F5-A60A-2FC10B8C0682}.Release|iPhone.Build.0 = Release|iPhone
		{C16DA005-6924-4AEE-A0EA-765327AF5647}.Debug|Any CPU.ActiveCfg = Debug|Any CPU
		{C16DA005-6924-4AEE-A0EA-765327AF5647}.Debug|Any CPU.Build.0 = Debug|Any CPU
		{C16DA005-6924-4AEE-A0EA-765327AF5647}.Release|Any CPU.ActiveCfg = Release|Any CPU
		{C16DA005-6924-4AEE-A0EA-765327AF5647}.Release|Any CPU.Build.0 = Release|Any CPU
		{C16DA005-6924-4AEE-A0EA-765327AF5647}.Debug|iPhoneSimulator.ActiveCfg = Debug|Any CPU
		{C16DA005-6924-4AEE-A0EA-765327AF5647}.Debug|iPhoneSimulator.Build.0 = Debug|Any CPU
		{C16DA005-6924-4AEE-A0EA-765327AF5647}.Release|iPhoneSimulator.ActiveCfg = Release|Any CPU
		{C16DA005-6924-4AEE-A0EA-765327AF5647}.Release|iPhoneSimulator.Build.0 = Release|Any CPU
		{C16DA005-6924-4AEE-A0EA-765327AF5647}.Debug|iPhone.ActiveCfg = Debug|Any CPU
		{C16DA005-6924-4AEE-A0EA-765327AF5647}.Debug|iPhone.Build.0 = Debug|Any CPU
		{C16DA005-6924-4AEE-A0EA-765327AF5647}.Release|iPhone.ActiveCfg = Release|Any CPU
		{C16DA005-6924-4AEE-A0EA-765327AF5647}.Release|iPhone.Build.0 = Release|Any CPU
		{3FC42DA4-D486-4FCB-B05B-83E90BC8C454}.Debug|Any CPU.ActiveCfg = Debug|Any CPU
		{3FC42DA4-D486-4FCB-B05B-83E90BC8C454}.Debug|Any CPU.Build.0 = Debug|Any CPU
		{3FC42DA4-D486-4FCB-B05B-83E90BC8C454}.Release|Any CPU.ActiveCfg = Release|Any CPU
		{3FC42DA4-D486-4FCB-B05B-83E90BC8C454}.Release|Any CPU.Build.0 = Release|Any CPU
		{3FC42DA4-D486-4FCB-B05B-83E90BC8C454}.Debug|iPhoneSimulator.ActiveCfg = Debug|Any CPU
		{3FC42DA4-D486-4FCB-B05B-83E90BC8C454}.Debug|iPhoneSimulator.Build.0 = Debug|Any CPU
		{3FC42DA4-D486-4FCB-B05B-83E90BC8C454}.Release|iPhoneSimulator.ActiveCfg = Release|Any CPU
		{3FC42DA4-D486-4FCB-B05B-83E90BC8C454}.Release|iPhoneSimulator.Build.0 = Release|Any CPU
		{3FC42DA4-D486-4FCB-B05B-83E90BC8C454}.Debug|iPhone.ActiveCfg = Debug|Any CPU
		{3FC42DA4-D486-4FCB-B05B-83E90BC8C454}.Debug|iPhone.Build.0 = Debug|Any CPU
		{3FC42DA4-D486-4FCB-B05B-83E90BC8C454}.Release|iPhone.ActiveCfg = Release|Any CPU
		{3FC42DA4-D486-4FCB-B05B-83E90BC8C454}.Release|iPhone.Build.0 = Release|Any CPU
	EndGlobalSection
	GlobalSection(SolutionProperties) = preSolution
		HideSolutionNode = FALSE
	EndGlobalSection
	GlobalSection(ExtensibilityGlobals) = postSolution
		SolutionGuid = {88D3745B-EB8C-412F-B524-E14D6EC34E16}
	EndGlobalSection
	GlobalSection(MonoDevelopProperties) = preSolution
		Policies = $0
		$0.DotNetNamingPolicy = $1
		$1.DirectoryNamespaceAssociation = PrefixedHierarchical
		$0.TextStylePolicy = $2
		$2.inheritsSet = null
		$2.scope = text/x-csharp
		$0.CSharpFormattingPolicy = $3
		$3.scope = text/x-csharp
		description = iOS style calculator app
	EndGlobalSection
EndGlobal
